
Microsoft Visual Studio Solution File, Format Version 12.00
Project("{FAE04EC0-301F-11D3-BF4B-00C04F79EFBC}") = "DarkXaHTeP.CompressedStaticFiles.Tools", "DarkXaHTeP.CompressedStaticFiles.Tools\DarkXaHTeP.CompressedStaticFiles.Tools.csproj", "{D52B4290-7050-4C1D-B66E-567B78E23171}"
EndProject
Global
	GlobalSection(SolutionConfigurationPlatforms) = preSolution
		Debug|Any CPU = Debug|Any CPU
		Release|Any CPU = Release|Any CPU
	EndGlobalSection
	GlobalSection(ProjectConfigurationPlatforms) = postSolution
		{D52B4290-7050-4C1D-B66E-567B78E23171}.Debug|Any CPU.ActiveCfg = Debug|Any CPU
		{D52B4290-7050-4C1D-B66E-567B78E23171}.Debug|Any CPU.Build.0 = Debug|Any CPU
		{D52B4290-7050-4C1D-B66E-567B78E23171}.Release|Any CPU.ActiveCfg = Release|Any CPU
		{D52B4290-7050-4C1D-B66E-567B78E23171}.Release|Any CPU.Build.0 = Release|Any CPU
	EndGlobalSection
EndGlobal
